
Microsoft Visual Studio Solution File, Format Version 12.00
# Visual Studio 15
Project("{FAE04EC0-301F-11D3-BF4B-00C04F79EFBC}") = "VRM10.Tests", "VRM10.Tests.csproj", "{48F5283C-115D-BD5E-4C7F-7B6972EC7CDC}"
EndProject
Project("{FAE04EC0-301F-11D3-BF4B-00C04F79EFBC}") = "UniGLTF", "UniGLTF.csproj", "{99A5F3E7-A6F7-94AA-3EE1-C6DF389C9CAA}"
EndProject
Project("{FAE04EC0-301F-11D3-BF4B-00C04F79EFBC}") = "UniGLTF.Editor", "UniGLTF.Editor.csproj", "{55A406A2-3DE9-E632-9F3D-78FD6E1BA58C}"
EndProject
Project("{FAE04EC0-301F-11D3-BF4B-00C04F79EFBC}") = "FastSpringBone10", "FastSpringBone10.csproj", "{7C6250E5-332F-9E22-22A2-52E79F4C4CF8}"
EndProject
Project("{FAE04EC0-301F-11D3-BF4B-00C04F79EFBC}") = "UniGLTF.Tests", "UniGLTF.Tests.csproj", "{8ACCE2B4-80E6-C6D7-39CC-3ED64DB63CF2}"
EndProject
Project("{FAE04EC0-301F-11D3-BF4B-00C04F79EFBC}") = "VRMShaders.VRM10.MToon10.Runtime", "VRMShaders.VRM10.MToon10.Runtime.csproj", "{B09AD6A5-AAAA-C9AA-8A70-B99A3173813C}"
EndProject
Project("{FAE04EC0-301F-11D3-BF4B-00C04F79EFBC}") = "VRMShaders.GLTF.IO.Runtime", "VRMShaders.GLTF.IO.Runtime.csproj", "{827DC15D-9E66-0F7C-5C16-7DD5481EB919}"
EndProject
Project("{FAE04EC0-301F-11D3-BF4B-00C04F79EFBC}") = "VRM10", "VRM10.csproj", "{DAE6F5A4-23AB-EFDD-9C39-9DC32034DFD7}"
EndProject
Project("{FAE04EC0-301F-11D3-BF4B-00C04F79EFBC}") = "UniHumanoid", "UniHumanoid.csproj", "{DC61BE37-8539-1D9B-65CE-1942605F5A5A}"
EndProject
Project("{FAE04EC0-301F-11D3-BF4B-00C04F79EFBC}") = "VrmLib", "VrmLib.csproj", "{9D7D52B7-7E88-5370-63CF-59325279D423}"
EndProject
Project("{FAE04EC0-301F-11D3-BF4B-00C04F79EFBC}") = "VRM10.Editor", "VRM10.Editor.csproj", "{8F44EF89-C154-6AD7-27FE-042A737F0DC0}"
EndProject
Project("{FAE04EC0-301F-11D3-BF4B-00C04F79EFBC}") = "VRMShaders.GLTF.IO.Editor", "VRMShaders.GLTF.IO.Editor.csproj", "{F2A793BE-508C-ED08-CB99-257F3708BA73}"
EndProject
Project("{FAE04EC0-301F-11D3-BF4B-00C04F79EFBC}") = "MToon", "MToon.csproj", "{693EE488-74B6-E9DB-A4B8-DB91E4BC35B3}"
EndProject
Project("{FAE04EC0-301F-11D3-BF4B-00C04F79EFBC}") = "UniHumanoid.Editor", "UniHumanoid.Editor.csproj", "{B2B63374-A484-4847-D99D-72058EE564F0}"
EndProject
Project("{FAE04EC0-301F-11D3-BF4B-00C04F79EFBC}") = "UniGLTF.Utils", "UniGLTF.Utils.csproj", "{DB595E03-0127-E9A5-ABDA-19FDA47BCCC2}"
EndProject
Project("{FAE04EC0-301F-11D3-BF4B-00C04F79EFBC}") = "VRMShaders.VRM10.MToon10.Editor", "VRMShaders.VRM10.MToon10.Editor.csproj", "{5A29BC42-C551-CA4B-B3E8-E488002E7A18}"
EndProject
Project("{FAE04EC0-301F-11D3-BF4B-00C04F79EFBC}") = "VRMShaders.GLTF.IO.Tests", "VRMShaders.GLTF.IO.Tests.csproj", "{DB4BE53A-0A05-656D-E07E-F9A122F5087E}"
EndProject
Project("{FAE04EC0-301F-11D3-BF4B-00C04F79EFBC}") = "VRMShaders.GLTF.UniUnlit.Runtime", "VRMShaders.GLTF.UniUnlit.Runtime.csproj", "{0FAF6676-95B9-12BF-7A1A-808F440503D3}"
EndProject
Project("{FAE04EC0-301F-11D3-BF4B-00C04F79EFBC}") = "VRMShaders.VRM10.Format.Runtime", "VRMShaders.VRM10.Format.Runtime.csproj", "{8F37FB4E-60D6-B049-817A-CF186BB62DD3}"
EndProject
Project("{FAE04EC0-301F-11D3-BF4B-00C04F79EFBC}") = "VRMShaders.VRM.IO.Runtime", "VRMShaders.VRM.IO.Runtime.csproj", "{8D716E08-A702-D785-CDCB-F768B1A6EEE5}"
EndProject
Project("{FAE04EC0-301F-11D3-BF4B-00C04F79EFBC}") = "UniHumanoid.Editor.Tests", "UniHumanoid.Editor.Tests.csproj", "{40B51C5C-5235-7928-40E7-6F3B6DBD17C8}"
EndProject
Project("{FAE04EC0-301F-11D3-BF4B-00C04F79EFBC}") = "MToon.Editor", "MToon.Editor.csproj", "{C1E31E81-5386-8E5F-9272-9568ED608E37}"
EndProject
Project("{FAE04EC0-301F-11D3-BF4B-00C04F79EFBC}") = "VrmLibTests", "VrmLibTests.csproj", "{8FAB4BE2-1544-AFB9-D1F2-FBCBEC0CB9B5}"
EndProject
Project("{FAE04EC0-301F-11D3-BF4B-00C04F79EFBC}") = "VRM10.Tests.PlayMode", "VRM10.Tests.PlayMode.csproj", "{E90BCB2C-7931-F477-2798-C724A5DAAD4C}"
EndProject
Project("{FAE04EC0-301F-11D3-BF4B-00C04F79EFBC}") = "VRMShaders.VRM10.MToon10.Tests", "VRMShaders.VRM10.MToon10.Tests.csproj", "{352C34AC-E63E-685B-840D-18259E27E45D}"
EndProject
Project("{FAE04EC0-301F-11D3-BF4B-00C04F79EFBC}") = "VRMShaders.GLTF.UniUnlit.Editor", "VRMShaders.GLTF.UniUnlit.Editor.csproj", "{5686D800-D91B-E22B-E3D1-81EC1EE0B408}"
EndProject
Global
	GlobalSection(SolutionConfigurationPlatforms) = preSolution
		Debug|Any CPU = Debug|Any CPU
		Release|Any CPU = Release|Any CPU
	EndGlobalSection
	GlobalSection(ProjectConfigurationPlatforms) = postSolution
		{48F5283C-115D-BD5E-4C7F-7B6972EC7CDC}.Debug|Any CPU.ActiveCfg = Debug|Any CPU
		{48F5283C-115D-BD5E-4C7F-7B6972EC7CDC}.Debug|Any CPU.Build.0 = Debug|Any CPU
		{48F5283C-115D-BD5E-4C7F-7B6972EC7CDC}.Release|Any CPU.ActiveCfg = Release|Any CPU
		{48F5283C-115D-BD5E-4C7F-7B6972EC7CDC}.Release|Any CPU.Build.0 = Release|Any CPU
		{99A5F3E7-A6F7-94AA-3EE1-C6DF389C9CAA}.Debug|Any CPU.ActiveCfg = Debug|Any CPU
		{99A5F3E7-A6F7-94AA-3EE1-C6DF389C9CAA}.Debug|Any CPU.Build.0 = Debug|Any CPU
		{99A5F3E7-A6F7-94AA-3EE1-C6DF389C9CAA}.Release|Any CPU.ActiveCfg = Release|Any CPU
		{99A5F3E7-A6F7-94AA-3EE1-C6DF389C9CAA}.Release|Any CPU.Build.0 = Release|Any CPU
		{55A406A2-3DE9-E632-9F3D-78FD6E1BA58C}.Debug|Any CPU.ActiveCfg = Debug|Any CPU
		{55A406A2-3DE9-E632-9F3D-78FD6E1BA58C}.Debug|Any CPU.Build.0 = Debug|Any CPU
		{55A406A2-3DE9-E632-9F3D-78FD6E1BA58C}.Release|Any CPU.ActiveCfg = Release|Any CPU
		{55A406A2-3DE9-E632-9F3D-78FD6E1BA58C}.Release|Any CPU.Build.0 = Release|Any CPU
		{7C6250E5-332F-9E22-22A2-52E79F4C4CF8}.Debug|Any CPU.ActiveCfg = Debug|Any CPU
		{7C6250E5-332F-9E22-22A2-52E79F4C4CF8}.Debug|Any CPU.Build.0 = Debug|Any CPU
		{7C6250E5-332F-9E22-22A2-52E79F4C4CF8}.Release|Any CPU.ActiveCfg = Release|Any CPU
		{7C6250E5-332F-9E22-22A2-52E79F4C4CF8}.Release|Any CPU.Build.0 = Release|Any CPU
		{8ACCE2B4-80E6-C6D7-39CC-3ED64DB63CF2}.Debug|Any CPU.ActiveCfg = Debug|Any CPU
		{8ACCE2B4-80E6-C6D7-39CC-3ED64DB63CF2}.Debug|Any CPU.Build.0 = Debug|Any CPU
		{8ACCE2B4-80E6-C6D7-39CC-3ED64DB63CF2}.Release|Any CPU.ActiveCfg = Release|Any CPU
		{8ACCE2B4-80E6-C6D7-39CC-3ED64DB63CF2}.Release|Any CPU.Build.0 = Release|Any CPU
		{B09AD6A5-AAAA-C9AA-8A70-B99A3173813C}.Debug|Any CPU.ActiveCfg = Debug|Any CPU
		{B09AD6A5-AAAA-C9AA-8A70-B99A3173813C}.Debug|Any CPU.Build.0 = Debug|Any CPU
		{B09AD6A5-AAAA-C9AA-8A70-B99A3173813C}.Release|Any CPU.ActiveCfg = Release|Any CPU
		{B09AD6A5-AAAA-C9AA-8A70-B99A3173813C}.Release|Any CPU.Build.0 = Release|Any CPU
		{827DC15D-9E66-0F7C-5C16-7DD5481EB919}.Debug|Any CPU.ActiveCfg = Debug|Any CPU
		{827DC15D-9E66-0F7C-5C16-7DD5481EB919}.Debug|Any CPU.Build.0 = Debug|Any CPU
		{827DC15D-9E66-0F7C-5C16-7DD5481EB919}.Release|Any CPU.ActiveCfg = Release|Any CPU
		{827DC15D-9E66-0F7C-5C16-7DD5481EB919}.Release|Any CPU.Build.0 = Release|Any CPU
		{DAE6F5A4-23AB-EFDD-9C39-9DC32034DFD7}.Debug|Any CPU.ActiveCfg = Debug|Any CPU
		{DAE6F5A4-23AB-EFDD-9C39-9DC32034DFD7}.Debug|Any CPU.Build.0 = Debug|Any CPU
		{DAE6F5A4-23AB-EFDD-9C39-9DC32034DFD7}.Release|Any CPU.ActiveCfg = Release|Any CPU
		{DAE6F5A4-23AB-EFDD-9C39-9DC32034DFD7}.Release|Any CPU.Build.0 = Release|Any CPU
		{DC61BE37-8539-1D9B-65CE-1942605F5A5A}.Debug|Any CPU.ActiveCfg = Debug|Any CPU
		{DC61BE37-8539-1D9B-65CE-1942605F5A5A}.Debug|Any CPU.Build.0 = Debug|Any CPU
		{DC61BE37-8539-1D9B-65CE-1942605F5A5A}.Release|Any CPU.ActiveCfg = Release|Any CPU
		{DC61BE37-8539-1D9B-65CE-1942605F5A5A}.Release|Any CPU.Build.0 = Release|Any CPU
		{9D7D52B7-7E88-5370-63CF-59325279D423}.Debug|Any CPU.ActiveCfg = Debug|Any CPU
		{9D7D52B7-7E88-5370-63CF-59325279D423}.Debug|Any CPU.Build.0 = Debug|Any CPU
		{9D7D52B7-7E88-5370-63CF-59325279D423}.Release|Any CPU.ActiveCfg = Release|Any CPU
		{9D7D52B7-7E88-5370-63CF-59325279D423}.Release|Any CPU.Build.0 = Release|Any CPU
		{8F44EF89-C154-6AD7-27FE-042A737F0DC0}.Debug|Any CPU.ActiveCfg = Debug|Any CPU
		{8F44EF89-C154-6AD7-27FE-042A737F0DC0}.Debug|Any CPU.Build.0 = Debug|Any CPU
		{8F44EF89-C154-6AD7-27FE-042A737F0DC0}.Release|Any CPU.ActiveCfg = Release|Any CPU
		{8F44EF89-C154-6AD7-27FE-042A737F0DC0}.Release|Any CPU.Build.0 = Release|Any CPU
		{F2A793BE-508C-ED08-CB99-257F3708BA73}.Debug|Any CPU.ActiveCfg = Debug|Any CPU
		{F2A793BE-508C-ED08-CB99-257F3708BA73}.Debug|Any CPU.Build.0 = Debug|Any CPU
		{F2A793BE-508C-ED08-CB99-257F3708BA73}.Release|Any CPU.ActiveCfg = Release|Any CPU
		{F2A793BE-508C-ED08-CB99-257F3708BA73}.Release|Any CPU.Build.0 = Release|Any CPU
		{693EE488-74B6-E9DB-A4B8-DB91E4BC35B3}.Debug|Any CPU.ActiveCfg = Debug|Any CPU
		{693EE488-74B6-E9DB-A4B8-DB91E4BC35B3}.Debug|Any CPU.Build.0 = Debug|Any CPU
		{693EE488-74B6-E9DB-A4B8-DB91E4BC35B3}.Release|Any CPU.ActiveCfg = Release|Any CPU
		{693EE488-74B6-E9DB-A4B8-DB91E4BC35B3}.Release|Any CPU.Build.0 = Release|Any CPU
		{B2B63374-A484-4847-D99D-72058EE564F0}.Debug|Any CPU.ActiveCfg = Debug|Any CPU
		{B2B63374-A484-4847-D99D-72058EE564F0}.Debug|Any CPU.Build.0 = Debug|Any CPU
		{B2B63374-A484-4847-D99D-72058EE564F0}.Release|Any CPU.ActiveCfg = Release|Any CPU
		{B2B63374-A484-4847-D99D-72058EE564F0}.Release|Any CPU.Build.0 = Release|Any CPU
		{DB595E03-0127-E9A5-ABDA-19FDA47BCCC2}.Debug|Any CPU.ActiveCfg = Debug|Any CPU
		{DB595E03-0127-E9A5-ABDA-19FDA47BCCC2}.Debug|Any CPU.Build.0 = Debug|Any CPU
		{DB595E03-0127-E9A5-ABDA-19FDA47BCCC2}.Release|Any CPU.ActiveCfg = Release|Any CPU
		{DB595E03-0127-E9A5-ABDA-19FDA47BCCC2}.Release|Any CPU.Build.0 = Release|Any CPU
		{5A29BC42-C551-CA4B-B3E8-E488002E7A18}.Debug|Any CPU.ActiveCfg = Debug|Any CPU
		{5A29BC42-C551-CA4B-B3E8-E488002E7A18}.Debug|Any CPU.Build.0 = Debug|Any CPU
		{5A29BC42-C551-CA4B-B3E8-E488002E7A18}.Release|Any CPU.ActiveCfg = Release|Any CPU
		{5A29BC42-C551-CA4B-B3E8-E488002E7A18}.Release|Any CPU.Build.0 = Release|Any CPU
		{DB4BE53A-0A05-656D-E07E-F9A122F5087E}.Debug|Any CPU.ActiveCfg = Debug|Any CPU
		{DB4BE53A-0A05-656D-E07E-F9A122F5087E}.Debug|Any CPU.Build.0 = Debug|Any CPU
		{DB4BE53A-0A05-656D-E07E-F9A122F5087E}.Release|Any CPU.ActiveCfg = Release|Any CPU
		{DB4BE53A-0A05-656D-E07E-F9A122F5087E}.Release|Any CPU.Build.0 = Release|Any CPU
		{0FAF6676-95B9-12BF-7A1A-808F440503D3}.Debug|Any CPU.ActiveCfg = Debug|Any CPU
		{0FAF6676-95B9-12BF-7A1A-808F440503D3}.Debug|Any CPU.Build.0 = Debug|Any CPU
		{0FAF6676-95B9-12BF-7A1A-808F440503D3}.Release|Any CPU.ActiveCfg = Release|Any CPU
		{0FAF6676-95B9-12BF-7A1A-808F440503D3}.Release|Any CPU.Build.0 = Release|Any CPU
		{8F37FB4E-60D6-B049-817A-CF186BB62DD3}.Debug|Any CPU.ActiveCfg = Debug|Any CPU
		{8F37FB4E-60D6-B049-817A-CF186BB62DD3}.Debug|Any CPU.Build.0 = Debug|Any CPU
		{8F37FB4E-60D6-B049-817A-CF186BB62DD3}.Release|Any CPU.ActiveCfg = Release|Any CPU
		{8F37FB4E-60D6-B049-817A-CF186BB62DD3}.Release|Any CPU.Build.0 = Release|Any CPU
		{8D716E08-A702-D785-CDCB-F768B1A6EEE5}.Debug|Any CPU.ActiveCfg = Debug|Any CPU
		{8D716E08-A702-D785-CDCB-F768B1A6EEE5}.Debug|Any CPU.Build.0 = Debug|Any CPU
		{8D716E08-A702-D785-CDCB-F768B1A6EEE5}.Release|Any CPU.ActiveCfg = Release|Any CPU
		{8D716E08-A702-D785-CDCB-F768B1A6EEE5}.Release|Any CPU.Build.0 = Release|Any CPU
		{40B51C5C-5235-7928-40E7-6F3B6DBD17C8}.Debug|Any CPU.ActiveCfg = Debug|Any CPU
		{40B51C5C-5235-7928-40E7-6F3B6DBD17C8}.Debug|Any CPU.Build.0 = Debug|Any CPU
		{40B51C5C-5235-7928-40E7-6F3B6DBD17C8}.Release|Any CPU.ActiveCfg = Release|Any CPU
		{40B51C5C-5235-7928-40E7-6F3B6DBD17C8}.Release|Any CPU.Build.0 = Release|Any CPU
		{C1E31E81-5386-8E5F-9272-9568ED608E37}.Debug|Any CPU.ActiveCfg = Debug|Any CPU
		{C1E31E81-5386-8E5F-9272-9568ED608E37}.Debug|Any CPU.Build.0 = Debug|Any CPU
		{C1E31E81-5386-8E5F-9272-9568ED608E37}.Release|Any CPU.ActiveCfg = Release|Any CPU
		{C1E31E81-5386-8E5F-9272-9568ED608E37}.Release|Any CPU.Build.0 = Release|Any CPU
		{8FAB4BE2-1544-AFB9-D1F2-FBCBEC0CB9B5}.Debug|Any CPU.ActiveCfg = Debug|Any CPU
		{8FAB4BE2-1544-AFB9-D1F2-FBCBEC0CB9B5}.Debug|Any CPU.Build.0 = Debug|Any CPU
		{8FAB4BE2-1544-AFB9-D1F2-FBCBEC0CB9B5}.Release|Any CPU.ActiveCfg = Release|Any CPU
		{8FAB4BE2-1544-AFB9-D1F2-FBCBEC0CB9B5}.Release|Any CPU.Build.0 = Release|Any CPU
		{E90BCB2C-7931-F477-2798-C724A5DAAD4C}.Debug|Any CPU.ActiveCfg = Debug|Any CPU
		{E90BCB2C-7931-F477-2798-C724A5DAAD4C}.Debug|Any CPU.Build.0 = Debug|Any CPU
		{E90BCB2C-7931-F477-2798-C724A5DAAD4C}.Release|Any CPU.ActiveCfg = Release|Any CPU
		{E90BCB2C-7931-F477-2798-C724A5DAAD4C}.Release|Any CPU.Build.0 = Release|Any CPU
		{352C34AC-E63E-685B-840D-18259E27E45D}.Debug|Any CPU.ActiveCfg = Debug|Any CPU
		{352C34AC-E63E-685B-840D-18259E27E45D}.Debug|Any CPU.Build.0 = Debug|Any CPU
		{352C34AC-E63E-685B-840D-18259E27E45D}.Release|Any CPU.ActiveCfg = Release|Any CPU
		{352C34AC-E63E-685B-840D-18259E27E45D}.Release|Any CPU.Build.0 = Release|Any CPU
		{5686D800-D91B-E22B-E3D1-81EC1EE0B408}.Debug|Any CPU.ActiveCfg = Debug|Any CPU
		{5686D800-D91B-E22B-E3D1-81EC1EE0B408}.Debug|Any CPU.Build.0 = Debug|Any CPU
		{5686D800-D91B-E22B-E3D1-81EC1EE0B408}.Release|Any CPU.ActiveCfg = Release|Any CPU
		{5686D800-D91B-E22B-E3D1-81EC1EE0B408}.Release|Any CPU.Build.0 = Release|Any CPU
	EndGlobalSection
	GlobalSection(SolutionProperties) = preSolution
		HideSolutionNode = FALSE
	EndGlobalSection
EndGlobal
