
Microsoft Visual Studio Solution File, Format Version 12.00
# Visual Studio 15
Project("{FAE04EC0-301F-11D3-BF4B-00C04F79EFBC}") = "VRM10.Tests", "VRM10.Tests.csproj", "{D1294219-2716-E54E-37A1-5701177CD30E}"
EndProject
Project("{FAE04EC0-301F-11D3-BF4B-00C04F79EFBC}") = "UniHumanoid", "UniHumanoid.csproj", "{621B9D11-DD3D-0FD8-14E6-5BF85953B7F9}"
EndProject
Project("{FAE04EC0-301F-11D3-BF4B-00C04F79EFBC}") = "VRM10.Editor", "VRM10.Editor.csproj", "{3CF8C2D2-6C21-CC14-9AC3-B30DF030523A}"
EndProject
Project("{FAE04EC0-301F-11D3-BF4B-00C04F79EFBC}") = "UniGLTF.Editor", "UniGLTF.Editor.csproj", "{E5899015-AF6D-F740-2779-71C1197C57C0}"
EndProject
Project("{FAE04EC0-301F-11D3-BF4B-00C04F79EFBC}") = "UniGLTF", "UniGLTF.csproj", "{048850FC-4EB9-5417-BCB2-A8C27D95C56D}"
EndProject
Project("{FAE04EC0-301F-11D3-BF4B-00C04F79EFBC}") = "Assembly-CSharp", "Assembly-CSharp.csproj", "{9BC3F057-11FB-116B-C509-D1046FD26B6D}"
EndProject
Project("{FAE04EC0-301F-11D3-BF4B-00C04F79EFBC}") = "VRM10", "VRM10.csproj", "{6FF2CBEE-60F3-8945-5048-81EF5B892C20}"
EndProject
Project("{FAE04EC0-301F-11D3-BF4B-00C04F79EFBC}") = "VRM10.MToon10", "VRM10.MToon10.csproj", "{F369992A-5DD3-ACC4-50C7-87B7F71FDB88}"
EndProject
Project("{FAE04EC0-301F-11D3-BF4B-00C04F79EFBC}") = "UniGLTF.Tests", "UniGLTF.Tests.csproj", "{15CA87D4-8E8A-E8C0-52F2-139396C2BD97}"
EndProject
Project("{FAE04EC0-301F-11D3-BF4B-00C04F79EFBC}") = "VrmLib", "VrmLib.csproj", "{ED0F47AE-26C5-3108-FCB6-8DF6098EB33F}"
EndProject
Project("{FAE04EC0-301F-11D3-BF4B-00C04F79EFBC}") = "SpringBoneJobs", "SpringBoneJobs.csproj", "{76969F73-E305-9A28-49D5-1C246FA8AC08}"
EndProject
Project("{FAE04EC0-301F-11D3-BF4B-00C04F79EFBC}") = "VrmLibTests", "VrmLibTests.csproj", "{2219AFBC-D85D-3E11-6C8B-1D87B3519092}"
EndProject
Project("{FAE04EC0-301F-11D3-BF4B-00C04F79EFBC}") = "UniGLTF.UniUnlit", "UniGLTF.UniUnlit.csproj", "{FAE4AE4D-31F3-1F38-F518-A931C0BC5CEE}"
EndProject
Project("{FAE04EC0-301F-11D3-BF4B-00C04F79EFBC}") = "UniGLTF.UniUnlit.Editor", "UniGLTF.UniUnlit.Editor.csproj", "{BA5926F0-2DFF-2D47-B422-D41896DCCAEC}"
EndProject
Project("{FAE04EC0-301F-11D3-BF4B-00C04F79EFBC}") = "UniGLTF.Utils", "UniGLTF.Utils.csproj", "{939C4486-BC9F-CC9F-2A3B-E93FA61E6862}"
EndProject
Project("{FAE04EC0-301F-11D3-BF4B-00C04F79EFBC}") = "VRM10.MToon10.Tests", "VRM10.MToon10.Tests.csproj", "{953E0409-517E-04CF-4021-CE4C591A4450}"
EndProject
Project("{FAE04EC0-301F-11D3-BF4B-00C04F79EFBC}") = "VRM10.MToon10.Editor", "VRM10.MToon10.Editor.csproj", "{9E114689-ED8E-B95A-5231-3C84D13E2209}"
EndProject
Project("{FAE04EC0-301F-11D3-BF4B-00C04F79EFBC}") = "UniHumanoid.Editor", "UniHumanoid.Editor.csproj", "{A07AF681-3E79-8467-58C5-841B7D61B3E4}"
EndProject
Project("{FAE04EC0-301F-11D3-BF4B-00C04F79EFBC}") = "FastSpringBone10", "FastSpringBone10.csproj", "{84E653A9-A63F-DEB0-8689-9964A27DF2C5}"
EndProject
Project("{FAE04EC0-301F-11D3-BF4B-00C04F79EFBC}") = "UniHumanoid.Editor.Tests", "UniHumanoid.Editor.Tests.csproj", "{74CFE458-D809-BE16-9182-8BED170B5CA0}"
EndProject
Project("{FAE04EC0-301F-11D3-BF4B-00C04F79EFBC}") = "Assembly-CSharp-Editor", "Assembly-CSharp-Editor.csproj", "{64C56402-4BC2-AF0F-A515-147A9DF3C752}"
EndProject
Global
	GlobalSection(SolutionConfigurationPlatforms) = preSolution
		Debug|Any CPU = Debug|Any CPU
		Release|Any CPU = Release|Any CPU
	EndGlobalSection
	GlobalSection(ProjectConfigurationPlatforms) = postSolution
		{D1294219-2716-E54E-37A1-5701177CD30E}.Debug|Any CPU.ActiveCfg = Debug|Any CPU
		{D1294219-2716-E54E-37A1-5701177CD30E}.Debug|Any CPU.Build.0 = Debug|Any CPU
		{D1294219-2716-E54E-37A1-5701177CD30E}.Release|Any CPU.ActiveCfg = Release|Any CPU
		{D1294219-2716-E54E-37A1-5701177CD30E}.Release|Any CPU.Build.0 = Release|Any CPU
		{621B9D11-DD3D-0FD8-14E6-5BF85953B7F9}.Debug|Any CPU.ActiveCfg = Debug|Any CPU
		{621B9D11-DD3D-0FD8-14E6-5BF85953B7F9}.Debug|Any CPU.Build.0 = Debug|Any CPU
		{621B9D11-DD3D-0FD8-14E6-5BF85953B7F9}.Release|Any CPU.ActiveCfg = Release|Any CPU
		{621B9D11-DD3D-0FD8-14E6-5BF85953B7F9}.Release|Any CPU.Build.0 = Release|Any CPU
		{3CF8C2D2-6C21-CC14-9AC3-B30DF030523A}.Debug|Any CPU.ActiveCfg = Debug|Any CPU
		{3CF8C2D2-6C21-CC14-9AC3-B30DF030523A}.Debug|Any CPU.Build.0 = Debug|Any CPU
		{3CF8C2D2-6C21-CC14-9AC3-B30DF030523A}.Release|Any CPU.ActiveCfg = Release|Any CPU
		{3CF8C2D2-6C21-CC14-9AC3-B30DF030523A}.Release|Any CPU.Build.0 = Release|Any CPU
		{E5899015-AF6D-F740-2779-71C1197C57C0}.Debug|Any CPU.ActiveCfg = Debug|Any CPU
		{E5899015-AF6D-F740-2779-71C1197C57C0}.Debug|Any CPU.Build.0 = Debug|Any CPU
		{E5899015-AF6D-F740-2779-71C1197C57C0}.Release|Any CPU.ActiveCfg = Release|Any CPU
		{E5899015-AF6D-F740-2779-71C1197C57C0}.Release|Any CPU.Build.0 = Release|Any CPU
		{048850FC-4EB9-5417-BCB2-A8C27D95C56D}.Debug|Any CPU.ActiveCfg = Debug|Any CPU
		{048850FC-4EB9-5417-BCB2-A8C27D95C56D}.Debug|Any CPU.Build.0 = Debug|Any CPU
		{048850FC-4EB9-5417-BCB2-A8C27D95C56D}.Release|Any CPU.ActiveCfg = Release|Any CPU
		{048850FC-4EB9-5417-BCB2-A8C27D95C56D}.Release|Any CPU.Build.0 = Release|Any CPU
		{9BC3F057-11FB-116B-C509-D1046FD26B6D}.Debug|Any CPU.ActiveCfg = Debug|Any CPU
		{9BC3F057-11FB-116B-C509-D1046FD26B6D}.Debug|Any CPU.Build.0 = Debug|Any CPU
		{9BC3F057-11FB-116B-C509-D1046FD26B6D}.Release|Any CPU.ActiveCfg = Release|Any CPU
		{9BC3F057-11FB-116B-C509-D1046FD26B6D}.Release|Any CPU.Build.0 = Release|Any CPU
		{6FF2CBEE-60F3-8945-5048-81EF5B892C20}.Debug|Any CPU.ActiveCfg = Debug|Any CPU
		{6FF2CBEE-60F3-8945-5048-81EF5B892C20}.Debug|Any CPU.Build.0 = Debug|Any CPU
		{6FF2CBEE-60F3-8945-5048-81EF5B892C20}.Release|Any CPU.ActiveCfg = Release|Any CPU
		{6FF2CBEE-60F3-8945-5048-81EF5B892C20}.Release|Any CPU.Build.0 = Release|Any CPU
		{F369992A-5DD3-ACC4-50C7-87B7F71FDB88}.Debug|Any CPU.ActiveCfg = Debug|Any CPU
		{F369992A-5DD3-ACC4-50C7-87B7F71FDB88}.Debug|Any CPU.Build.0 = Debug|Any CPU
		{F369992A-5DD3-ACC4-50C7-87B7F71FDB88}.Release|Any CPU.ActiveCfg = Release|Any CPU
		{F369992A-5DD3-ACC4-50C7-87B7F71FDB88}.Release|Any CPU.Build.0 = Release|Any CPU
		{15CA87D4-8E8A-E8C0-52F2-139396C2BD97}.Debug|Any CPU.ActiveCfg = Debug|Any CPU
		{15CA87D4-8E8A-E8C0-52F2-139396C2BD97}.Debug|Any CPU.Build.0 = Debug|Any CPU
		{15CA87D4-8E8A-E8C0-52F2-139396C2BD97}.Release|Any CPU.ActiveCfg = Release|Any CPU
		{15CA87D4-8E8A-E8C0-52F2-139396C2BD97}.Release|Any CPU.Build.0 = Release|Any CPU
		{ED0F47AE-26C5-3108-FCB6-8DF6098EB33F}.Debug|Any CPU.ActiveCfg = Debug|Any CPU
		{ED0F47AE-26C5-3108-FCB6-8DF6098EB33F}.Debug|Any CPU.Build.0 = Debug|Any CPU
		{ED0F47AE-26C5-3108-FCB6-8DF6098EB33F}.Release|Any CPU.ActiveCfg = Release|Any CPU
		{ED0F47AE-26C5-3108-FCB6-8DF6098EB33F}.Release|Any CPU.Build.0 = Release|Any CPU
		{76969F73-E305-9A28-49D5-1C246FA8AC08}.Debug|Any CPU.ActiveCfg = Debug|Any CPU
		{76969F73-E305-9A28-49D5-1C246FA8AC08}.Debug|Any CPU.Build.0 = Debug|Any CPU
		{76969F73-E305-9A28-49D5-1C246FA8AC08}.Release|Any CPU.ActiveCfg = Release|Any CPU
		{76969F73-E305-9A28-49D5-1C246FA8AC08}.Release|Any CPU.Build.0 = Release|Any CPU
		{2219AFBC-D85D-3E11-6C8B-1D87B3519092}.Debug|Any CPU.ActiveCfg = Debug|Any CPU
		{2219AFBC-D85D-3E11-6C8B-1D87B3519092}.Debug|Any CPU.Build.0 = Debug|Any CPU
		{2219AFBC-D85D-3E11-6C8B-1D87B3519092}.Release|Any CPU.ActiveCfg = Release|Any CPU
		{2219AFBC-D85D-3E11-6C8B-1D87B3519092}.Release|Any CPU.Build.0 = Release|Any CPU
		{FAE4AE4D-31F3-1F38-F518-A931C0BC5CEE}.Debug|Any CPU.ActiveCfg = Debug|Any CPU
		{FAE4AE4D-31F3-1F38-F518-A931C0BC5CEE}.Debug|Any CPU.Build.0 = Debug|Any CPU
		{FAE4AE4D-31F3-1F38-F518-A931C0BC5CEE}.Release|Any CPU.ActiveCfg = Release|Any CPU
		{FAE4AE4D-31F3-1F38-F518-A931C0BC5CEE}.Release|Any CPU.Build.0 = Release|Any CPU
		{BA5926F0-2DFF-2D47-B422-D41896DCCAEC}.Debug|Any CPU.ActiveCfg = Debug|Any CPU
		{BA5926F0-2DFF-2D47-B422-D41896DCCAEC}.Debug|Any CPU.Build.0 = Debug|Any CPU
		{BA5926F0-2DFF-2D47-B422-D41896DCCAEC}.Release|Any CPU.ActiveCfg = Release|Any CPU
		{BA5926F0-2DFF-2D47-B422-D41896DCCAEC}.Release|Any CPU.Build.0 = Release|Any CPU
		{939C4486-BC9F-CC9F-2A3B-E93FA61E6862}.Debug|Any CPU.ActiveCfg = Debug|Any CPU
		{939C4486-BC9F-CC9F-2A3B-E93FA61E6862}.Debug|Any CPU.Build.0 = Debug|Any CPU
		{939C4486-BC9F-CC9F-2A3B-E93FA61E6862}.Release|Any CPU.ActiveCfg = Release|Any CPU
		{939C4486-BC9F-CC9F-2A3B-E93FA61E6862}.Release|Any CPU.Build.0 = Release|Any CPU
		{953E0409-517E-04CF-4021-CE4C591A4450}.Debug|Any CPU.ActiveCfg = Debug|Any CPU
		{953E0409-517E-04CF-4021-CE4C591A4450}.Debug|Any CPU.Build.0 = Debug|Any CPU
		{953E0409-517E-04CF-4021-CE4C591A4450}.Release|Any CPU.ActiveCfg = Release|Any CPU
		{953E0409-517E-04CF-4021-CE4C591A4450}.Release|Any CPU.Build.0 = Release|Any CPU
		{9E114689-ED8E-B95A-5231-3C84D13E2209}.Debug|Any CPU.ActiveCfg = Debug|Any CPU
		{9E114689-ED8E-B95A-5231-3C84D13E2209}.Debug|Any CPU.Build.0 = Debug|Any CPU
		{9E114689-ED8E-B95A-5231-3C84D13E2209}.Release|Any CPU.ActiveCfg = Release|Any CPU
		{9E114689-ED8E-B95A-5231-3C84D13E2209}.Release|Any CPU.Build.0 = Release|Any CPU
		{A07AF681-3E79-8467-58C5-841B7D61B3E4}.Debug|Any CPU.ActiveCfg = Debug|Any CPU
		{A07AF681-3E79-8467-58C5-841B7D61B3E4}.Debug|Any CPU.Build.0 = Debug|Any CPU
		{A07AF681-3E79-8467-58C5-841B7D61B3E4}.Release|Any CPU.ActiveCfg = Release|Any CPU
		{A07AF681-3E79-8467-58C5-841B7D61B3E4}.Release|Any CPU.Build.0 = Release|Any CPU
		{84E653A9-A63F-DEB0-8689-9964A27DF2C5}.Debug|Any CPU.ActiveCfg = Debug|Any CPU
		{84E653A9-A63F-DEB0-8689-9964A27DF2C5}.Debug|Any CPU.Build.0 = Debug|Any CPU
		{84E653A9-A63F-DEB0-8689-9964A27DF2C5}.Release|Any CPU.ActiveCfg = Release|Any CPU
		{84E653A9-A63F-DEB0-8689-9964A27DF2C5}.Release|Any CPU.Build.0 = Release|Any CPU
		{74CFE458-D809-BE16-9182-8BED170B5CA0}.Debug|Any CPU.ActiveCfg = Debug|Any CPU
		{74CFE458-D809-BE16-9182-8BED170B5CA0}.Debug|Any CPU.Build.0 = Debug|Any CPU
		{74CFE458-D809-BE16-9182-8BED170B5CA0}.Release|Any CPU.ActiveCfg = Release|Any CPU
		{74CFE458-D809-BE16-9182-8BED170B5CA0}.Release|Any CPU.Build.0 = Release|Any CPU
		{64C56402-4BC2-AF0F-A515-147A9DF3C752}.Debug|Any CPU.ActiveCfg = Debug|Any CPU
		{64C56402-4BC2-AF0F-A515-147A9DF3C752}.Debug|Any CPU.Build.0 = Debug|Any CPU
		{64C56402-4BC2-AF0F-A515-147A9DF3C752}.Release|Any CPU.ActiveCfg = Release|Any CPU
		{64C56402-4BC2-AF0F-A515-147A9DF3C752}.Release|Any CPU.Build.0 = Release|Any CPU
	EndGlobalSection
	GlobalSection(SolutionProperties) = preSolution
		HideSolutionNode = FALSE
	EndGlobalSection
EndGlobal
